
Microsoft Visual Studio Solution File, Format Version 12.00
# Visual Studio 15
VisualStudioVersion = 15.0.28307.421
MinimumVisualStudioVersion = 10.0.40219.1
Project("{FAE04EC0-301F-11D3-BF4B-00C04F79EFBC}") = "Postman Load Tester", "Postman Load Tester\Postman Load Tester.csproj", "{013EE5D7-D826-4884-8CFE-13CD052259E8}"
EndProject
Global
	GlobalSection(SolutionConfigurationPlatforms) = preSolution
		Debug|Any CPU = Debug|Any CPU
		Release|Any CPU = Release|Any CPU
	EndGlobalSection
	GlobalSection(ProjectConfigurationPlatforms) = postSolution
		{013EE5D7-D826-4884-8CFE-13CD052259E8}.Debug|Any CPU.ActiveCfg = Debug|Any CPU
		{013EE5D7-D826-4884-8CFE-13CD052259E8}.Debug|Any CPU.Build.0 = Debug|Any CPU
		{013EE5D7-D826-4884-8CFE-13CD052259E8}.Release|Any CPU.ActiveCfg = Release|Any CPU
		{013EE5D7-D826-4884-8CFE-13CD052259E8}.Release|Any CPU.Build.0 = Release|Any CPU
	EndGlobalSection
	GlobalSection(SolutionProperties) = preSolution
		HideSolutionNode = FALSE
	EndGlobalSection
	GlobalSection(ExtensibilityGlobals) = postSolution
		SolutionGuid = {FC0DEF5B-8C66-41B9-935E-75DED25F03A7}
	EndGlobalSection
EndGlobal
